
Microsoft Visual Studio Solution File, Format Version 12.00
# Visual Studio Version 17
VisualStudioVersion = 17.0.31903.59
MinimumVisualStudioVersion = 10.0.40219.1
Project("{2150E333-8FDC-42A3-9474-1A3956D46DE8}") = "src", "src", "{827E0CD3-B72D-47B6-A68D-7590B98EB39B}"
EndProject
Project("{2150E333-8FDC-42A3-9474-1A3956D46DE8}") = "CoreService", "CoreService", "{D6F75BA0-19D1-53AF-5252-AAA3EE4A82D0}"
EndProject
Project("{FAE04EC0-301F-11D3-BF4B-00C04F79EFBC}") = "CoreService.Api", "src\CoreService\CoreService.Api\CoreService.Api.csproj", "{712CDD2D-BCB9-4E61-B3EC-2BDA1CECF4B4}"
EndProject
Project("{FAE04EC0-301F-11D3-BF4B-00C04F79EFBC}") = "CoreService.Application", "src\CoreService\CoreService.Application\CoreService.Application.csproj", "{05620786-107C-43C9-9C1E-19101B025CA2}"
EndProject
Project("{FAE04EC0-301F-11D3-BF4B-00C04F79EFBC}") = "CoreService.Domain", "src\CoreService\CoreService.Domain\CoreService.Domain.csproj", "{BD534560-5E19-41B3-BD6B-ADADD25224DB}"
EndProject
Project("{FAE04EC0-301F-11D3-BF4B-00C04F79EFBC}") = "CoreService.Infrastructure", "src\CoreService\CoreService.Infrastructure\CoreService.Infrastructure.csproj", "{ADD62D60-A948-490F-9C51-6E1B10ADEC2E}"
EndProject
Project("{2150E333-8FDC-42A3-9474-1A3956D46DE8}") = "UsersService", "UsersService", "{A024EC37-967E-70DB-4828-DAA22AD1755C}"
EndProject
Project("{FAE04EC0-301F-11D3-BF4B-00C04F79EFBC}") = "UsersService.Api", "src\UsersService\UsersService.Api\UsersService.Api.csproj", "{887D270A-0B0E-475B-B3ED-615254C5BB88}"
EndProject
Project("{FAE04EC0-301F-11D3-BF4B-00C04F79EFBC}") = "UsersService.Application", "src\UsersService\UsersService.Application\UsersService.Application.csproj", "{00615218-DCA5-48D0-ABA1-C847628DAB40}"
EndProject
Project("{FAE04EC0-301F-11D3-BF4B-00C04F79EFBC}") = "UsersService.Domain", "src\UsersService\UsersService.Domain\UsersService.Domain.csproj", "{46E23598-4B6F-4FFA-81AC-9C22D4571CE0}"
EndProject
Project("{FAE04EC0-301F-11D3-BF4B-00C04F79EFBC}") = "UsersService.Infrastructure", "src\UsersService\UsersService.Infrastructure\UsersService.Infrastructure.csproj", "{993A6719-EDD7-4719-B2E1-35C0BF90F7B8}"
EndProject
Project("{2150E333-8FDC-42A3-9474-1A3956D46DE8}") = "Gateway", "Gateway", "{6306A8FB-679E-111F-6585-8F70E0EE6013}"
EndProject
Project("{FAE04EC0-301F-11D3-BF4B-00C04F79EFBC}") = "Gateway.Api", "src\Gateway\Gateway.Api\Gateway.Api.csproj", "{1C01C62E-A939-4209-BA19-AC86DDD93471}"
EndProject
Project("{FAE04EC0-301F-11D3-BF4B-00C04F79EFBC}") = "CoreService.Contracts", "src\CoreService\CoreService.Contracts\CoreService.Contracts.csproj", "{D781FAEF-F4BF-4C89-9DA2-5FCCF1A7A93E}"
EndProject
Project("{2150E333-8FDC-42A3-9474-1A3956D46DE8}") = "NotificationService", "NotificationService", "{9ED238A0-938C-9A3F-DDEA-9079E74DEC51}"
EndProject
Project("{FAE04EC0-301F-11D3-BF4B-00C04F79EFBC}") = "NotificationService.Api", "src\NotificationService\NotificationService.Api\NotificationService.Api.csproj", "{E149DDED-8B64-453F-869B-D1FC90E0A9C1}"
EndProject
Project("{FAE04EC0-301F-11D3-BF4B-00C04F79EFBC}") = "NotificationService.Infrastructure", "src\NotificationService\NotificationService.Infrastructure\NotificationService.Infrastructure.csproj", "{F496F572-0ACC-49B3-9606-38D66EBD758C}"
EndProject
Project("{FAE04EC0-301F-11D3-BF4B-00C04F79EFBC}") = "WorkflowService.Api", "src\WorkflowService\WorkflowService.Api\WorkflowService.Api.csproj", "{D9171DD7-5676-41DD-910C-36E167A514BE}"
EndProject
Project("{2150E333-8FDC-42A3-9474-1A3956D46DE8}") = "WorkflowService", "WorkflowService", "{BBCD3261-F485-4573-8593-E8A7F6C1B938}"
EndProject
Project("{FAE04EC0-301F-11D3-BF4B-00C04F79EFBC}") = "WorkflowService.Domain", "src\WorkflowService\WorkflowService.Domain\WorkflowService.Domain.csproj", "{64574D9C-C7B6-4AB9-B107-CF5B2185487C}"
EndProject
Project("{FAE04EC0-301F-11D3-BF4B-00C04F79EFBC}") = "WorkflowService.Infrastructure", "src\WorkflowService\WorkflowService.Infrastructure\WorkflowService.Infrastructure.csproj", "{ACF22BB3-5978-4121-B4C3-CEBB9E7914F1}"
EndProject
Project("{FAE04EC0-301F-11D3-BF4B-00C04F79EFBC}") = "WorkflowService.Application", "src\WorkflowService\WorkflowService.Application\WorkflowService.Application.csproj", "{095D0973-DEA1-4D37-BC7B-E622DC95BA8F}"
EndProject
Global
	GlobalSection(SolutionConfigurationPlatforms) = preSolution
		Debug|Any CPU = Debug|Any CPU
		Debug|x64 = Debug|x64
		Debug|x86 = Debug|x86
		Release|Any CPU = Release|Any CPU
		Release|x64 = Release|x64
		Release|x86 = Release|x86
	EndGlobalSection
	GlobalSection(ProjectConfigurationPlatforms) = postSolution
		{712CDD2D-BCB9-4E61-B3EC-2BDA1CECF4B4}.Debug|Any CPU.ActiveCfg = Debug|Any CPU
		{712CDD2D-BCB9-4E61-B3EC-2BDA1CECF4B4}.Debug|Any CPU.Build.0 = Debug|Any CPU
		{712CDD2D-BCB9-4E61-B3EC-2BDA1CECF4B4}.Debug|x64.ActiveCfg = Debug|Any CPU
		{712CDD2D-BCB9-4E61-B3EC-2BDA1CECF4B4}.Debug|x64.Build.0 = Debug|Any CPU
		{712CDD2D-BCB9-4E61-B3EC-2BDA1CECF4B4}.Debug|x86.ActiveCfg = Debug|Any CPU
		{712CDD2D-BCB9-4E61-B3EC-2BDA1CECF4B4}.Debug|x86.Build.0 = Debug|Any CPU
		{712CDD2D-BCB9-4E61-B3EC-2BDA1CECF4B4}.Release|Any CPU.ActiveCfg = Release|Any CPU
		{712CDD2D-BCB9-4E61-B3EC-2BDA1CECF4B4}.Release|Any CPU.Build.0 = Release|Any CPU
		{712CDD2D-BCB9-4E61-B3EC-2BDA1CECF4B4}.Release|x64.ActiveCfg = Release|Any CPU
		{712CDD2D-BCB9-4E61-B3EC-2BDA1CECF4B4}.Release|x64.Build.0 = Release|Any CPU
		{712CDD2D-BCB9-4E61-B3EC-2BDA1CECF4B4}.Release|x86.ActiveCfg = Release|Any CPU
		{712CDD2D-BCB9-4E61-B3EC-2BDA1CECF4B4}.Release|x86.Build.0 = Release|Any CPU
		{05620786-107C-43C9-9C1E-19101B025CA2}.Debug|Any CPU.ActiveCfg = Debug|Any CPU
		{05620786-107C-43C9-9C1E-19101B025CA2}.Debug|Any CPU.Build.0 = Debug|Any CPU
		{05620786-107C-43C9-9C1E-19101B025CA2}.Debug|x64.ActiveCfg = Debug|Any CPU
		{05620786-107C-43C9-9C1E-19101B025CA2}.Debug|x64.Build.0 = Debug|Any CPU
		{05620786-107C-43C9-9C1E-19101B025CA2}.Debug|x86.ActiveCfg = Debug|Any CPU
		{05620786-107C-43C9-9C1E-19101B025CA2}.Debug|x86.Build.0 = Debug|Any CPU
		{05620786-107C-43C9-9C1E-19101B025CA2}.Release|Any CPU.ActiveCfg = Release|Any CPU
		{05620786-107C-43C9-9C1E-19101B025CA2}.Release|Any CPU.Build.0 = Release|Any CPU
		{05620786-107C-43C9-9C1E-19101B025CA2}.Release|x64.ActiveCfg = Release|Any CPU
		{05620786-107C-43C9-9C1E-19101B025CA2}.Release|x64.Build.0 = Release|Any CPU
		{05620786-107C-43C9-9C1E-19101B025CA2}.Release|x86.ActiveCfg = Release|Any CPU
		{05620786-107C-43C9-9C1E-19101B025CA2}.Release|x86.Build.0 = Release|Any CPU
		{BD534560-5E19-41B3-BD6B-ADADD25224DB}.Debug|Any CPU.ActiveCfg = Debug|Any CPU
		{BD534560-5E19-41B3-BD6B-ADADD25224DB}.Debug|Any CPU.Build.0 = Debug|Any CPU
		{BD534560-5E19-41B3-BD6B-ADADD25224DB}.Debug|x64.ActiveCfg = Debug|Any CPU
		{BD534560-5E19-41B3-BD6B-ADADD25224DB}.Debug|x64.Build.0 = Debug|Any CPU
		{BD534560-5E19-41B3-BD6B-ADADD25224DB}.Debug|x86.ActiveCfg = Debug|Any CPU
		{BD534560-5E19-41B3-BD6B-ADADD25224DB}.Debug|x86.Build.0 = Debug|Any CPU
		{BD534560-5E19-41B3-BD6B-ADADD25224DB}.Release|Any CPU.ActiveCfg = Release|Any CPU
		{BD534560-5E19-41B3-BD6B-ADADD25224DB}.Release|Any CPU.Build.0 = Release|Any CPU
		{BD534560-5E19-41B3-BD6B-ADADD25224DB}.Release|x64.ActiveCfg = Release|Any CPU
		{BD534560-5E19-41B3-BD6B-ADADD25224DB}.Release|x64.Build.0 = Release|Any CPU
		{BD534560-5E19-41B3-BD6B-ADADD25224DB}.Release|x86.ActiveCfg = Release|Any CPU
		{BD534560-5E19-41B3-BD6B-ADADD25224DB}.Release|x86.Build.0 = Release|Any CPU
		{ADD62D60-A948-490F-9C51-6E1B10ADEC2E}.Debug|Any CPU.ActiveCfg = Debug|Any CPU
		{ADD62D60-A948-490F-9C51-6E1B10ADEC2E}.Debug|Any CPU.Build.0 = Debug|Any CPU
		{ADD62D60-A948-490F-9C51-6E1B10ADEC2E}.Debug|x64.ActiveCfg = Debug|Any CPU
		{ADD62D60-A948-490F-9C51-6E1B10ADEC2E}.Debug|x64.Build.0 = Debug|Any CPU
		{ADD62D60-A948-490F-9C51-6E1B10ADEC2E}.Debug|x86.ActiveCfg = Debug|Any CPU
		{ADD62D60-A948-490F-9C51-6E1B10ADEC2E}.Debug|x86.Build.0 = Debug|Any CPU
		{ADD62D60-A948-490F-9C51-6E1B10ADEC2E}.Release|Any CPU.ActiveCfg = Release|Any CPU
		{ADD62D60-A948-490F-9C51-6E1B10ADEC2E}.Release|Any CPU.Build.0 = Release|Any CPU
		{ADD62D60-A948-490F-9C51-6E1B10ADEC2E}.Release|x64.ActiveCfg = Release|Any CPU
		{ADD62D60-A948-490F-9C51-6E1B10ADEC2E}.Release|x64.Build.0 = Release|Any CPU
		{ADD62D60-A948-490F-9C51-6E1B10ADEC2E}.Release|x86.ActiveCfg = Release|Any CPU
		{ADD62D60-A948-490F-9C51-6E1B10ADEC2E}.Release|x86.Build.0 = Release|Any CPU
		{887D270A-0B0E-475B-B3ED-615254C5BB88}.Debug|Any CPU.ActiveCfg = Debug|Any CPU
		{887D270A-0B0E-475B-B3ED-615254C5BB88}.Debug|Any CPU.Build.0 = Debug|Any CPU
		{887D270A-0B0E-475B-B3ED-615254C5BB88}.Debug|x64.ActiveCfg = Debug|Any CPU
		{887D270A-0B0E-475B-B3ED-615254C5BB88}.Debug|x64.Build.0 = Debug|Any CPU
		{887D270A-0B0E-475B-B3ED-615254C5BB88}.Debug|x86.ActiveCfg = Debug|Any CPU
		{887D270A-0B0E-475B-B3ED-615254C5BB88}.Debug|x86.Build.0 = Debug|Any CPU
		{887D270A-0B0E-475B-B3ED-615254C5BB88}.Release|Any CPU.ActiveCfg = Release|Any CPU
		{887D270A-0B0E-475B-B3ED-615254C5BB88}.Release|Any CPU.Build.0 = Release|Any CPU
		{887D270A-0B0E-475B-B3ED-615254C5BB88}.Release|x64.ActiveCfg = Release|Any CPU
		{887D270A-0B0E-475B-B3ED-615254C5BB88}.Release|x64.Build.0 = Release|Any CPU
		{887D270A-0B0E-475B-B3ED-615254C5BB88}.Release|x86.ActiveCfg = Release|Any CPU
		{887D270A-0B0E-475B-B3ED-615254C5BB88}.Release|x86.Build.0 = Release|Any CPU
		{00615218-DCA5-48D0-ABA1-C847628DAB40}.Debug|Any CPU.ActiveCfg = Debug|Any CPU
		{00615218-DCA5-48D0-ABA1-C847628DAB40}.Debug|Any CPU.Build.0 = Debug|Any CPU
		{00615218-DCA5-48D0-ABA1-C847628DAB40}.Debug|x64.ActiveCfg = Debug|Any CPU
		{00615218-DCA5-48D0-ABA1-C847628DAB40}.Debug|x64.Build.0 = Debug|Any CPU
		{00615218-DCA5-48D0-ABA1-C847628DAB40}.Debug|x86.ActiveCfg = Debug|Any CPU
		{00615218-DCA5-48D0-ABA1-C847628DAB40}.Debug|x86.Build.0 = Debug|Any CPU
		{00615218-DCA5-48D0-ABA1-C847628DAB40}.Release|Any CPU.ActiveCfg = Release|Any CPU
		{00615218-DCA5-48D0-ABA1-C847628DAB40}.Release|Any CPU.Build.0 = Release|Any CPU
		{00615218-DCA5-48D0-ABA1-C847628DAB40}.Release|x64.ActiveCfg = Release|Any CPU
		{00615218-DCA5-48D0-ABA1-C847628DAB40}.Release|x64.Build.0 = Release|Any CPU
		{00615218-DCA5-48D0-ABA1-C847628DAB40}.Release|x86.ActiveCfg = Release|Any CPU
		{00615218-DCA5-48D0-ABA1-C847628DAB40}.Release|x86.Build.0 = Release|Any CPU
		{46E23598-4B6F-4FFA-81AC-9C22D4571CE0}.Debug|Any CPU.ActiveCfg = Debug|Any CPU
		{46E23598-4B6F-4FFA-81AC-9C22D4571CE0}.Debug|Any CPU.Build.0 = Debug|Any CPU
		{46E23598-4B6F-4FFA-81AC-9C22D4571CE0}.Debug|x64.ActiveCfg = Debug|Any CPU
		{46E23598-4B6F-4FFA-81AC-9C22D4571CE0}.Debug|x64.Build.0 = Debug|Any CPU
		{46E23598-4B6F-4FFA-81AC-9C22D4571CE0}.Debug|x86.ActiveCfg = Debug|Any CPU
		{46E23598-4B6F-4FFA-81AC-9C22D4571CE0}.Debug|x86.Build.0 = Debug|Any CPU
		{46E23598-4B6F-4FFA-81AC-9C22D4571CE0}.Release|Any CPU.ActiveCfg = Release|Any CPU
		{46E23598-4B6F-4FFA-81AC-9C22D4571CE0}.Release|Any CPU.Build.0 = Release|Any CPU
		{46E23598-4B6F-4FFA-81AC-9C22D4571CE0}.Release|x64.ActiveCfg = Release|Any CPU
		{46E23598-4B6F-4FFA-81AC-9C22D4571CE0}.Release|x64.Build.0 = Release|Any CPU
		{46E23598-4B6F-4FFA-81AC-9C22D4571CE0}.Release|x86.ActiveCfg = Release|Any CPU
		{46E23598-4B6F-4FFA-81AC-9C22D4571CE0}.Release|x86.Build.0 = Release|Any CPU
		{993A6719-EDD7-4719-B2E1-35C0BF90F7B8}.Debug|Any CPU.ActiveCfg = Debug|Any CPU
		{993A6719-EDD7-4719-B2E1-35C0BF90F7B8}.Debug|Any CPU.Build.0 = Debug|Any CPU
		{993A6719-EDD7-4719-B2E1-35C0BF90F7B8}.Debug|x64.ActiveCfg = Debug|Any CPU
		{993A6719-EDD7-4719-B2E1-35C0BF90F7B8}.Debug|x64.Build.0 = Debug|Any CPU
		{993A6719-EDD7-4719-B2E1-35C0BF90F7B8}.Debug|x86.ActiveCfg = Debug|Any CPU
		{993A6719-EDD7-4719-B2E1-35C0BF90F7B8}.Debug|x86.Build.0 = Debug|Any CPU
		{993A6719-EDD7-4719-B2E1-35C0BF90F7B8}.Release|Any CPU.ActiveCfg = Release|Any CPU
		{993A6719-EDD7-4719-B2E1-35C0BF90F7B8}.Release|Any CPU.Build.0 = Release|Any CPU
		{993A6719-EDD7-4719-B2E1-35C0BF90F7B8}.Release|x64.ActiveCfg = Release|Any CPU
		{993A6719-EDD7-4719-B2E1-35C0BF90F7B8}.Release|x64.Build.0 = Release|Any CPU
		{993A6719-EDD7-4719-B2E1-35C0BF90F7B8}.Release|x86.ActiveCfg = Release|Any CPU
		{993A6719-EDD7-4719-B2E1-35C0BF90F7B8}.Release|x86.Build.0 = Release|Any CPU
		{1C01C62E-A939-4209-BA19-AC86DDD93471}.Debug|Any CPU.ActiveCfg = Debug|Any CPU
		{1C01C62E-A939-4209-BA19-AC86DDD93471}.Debug|Any CPU.Build.0 = Debug|Any CPU
		{1C01C62E-A939-4209-BA19-AC86DDD93471}.Debug|x64.ActiveCfg = Debug|Any CPU
		{1C01C62E-A939-4209-BA19-AC86DDD93471}.Debug|x64.Build.0 = Debug|Any CPU
		{1C01C62E-A939-4209-BA19-AC86DDD93471}.Debug|x86.ActiveCfg = Debug|Any CPU
		{1C01C62E-A939-4209-BA19-AC86DDD93471}.Debug|x86.Build.0 = Debug|Any CPU
		{1C01C62E-A939-4209-BA19-AC86DDD93471}.Release|Any CPU.ActiveCfg = Release|Any CPU
		{1C01C62E-A939-4209-BA19-AC86DDD93471}.Release|Any CPU.Build.0 = Release|Any CPU
		{1C01C62E-A939-4209-BA19-AC86DDD93471}.Release|x64.ActiveCfg = Release|Any CPU
		{1C01C62E-A939-4209-BA19-AC86DDD93471}.Release|x64.Build.0 = Release|Any CPU
		{1C01C62E-A939-4209-BA19-AC86DDD93471}.Release|x86.ActiveCfg = Release|Any CPU
		{1C01C62E-A939-4209-BA19-AC86DDD93471}.Release|x86.Build.0 = Release|Any CPU
		{D781FAEF-F4BF-4C89-9DA2-5FCCF1A7A93E}.Debug|Any CPU.ActiveCfg = Debug|Any CPU
		{D781FAEF-F4BF-4C89-9DA2-5FCCF1A7A93E}.Debug|Any CPU.Build.0 = Debug|Any CPU
		{D781FAEF-F4BF-4C89-9DA2-5FCCF1A7A93E}.Debug|x64.ActiveCfg = Debug|Any CPU
		{D781FAEF-F4BF-4C89-9DA2-5FCCF1A7A93E}.Debug|x64.Build.0 = Debug|Any CPU
		{D781FAEF-F4BF-4C89-9DA2-5FCCF1A7A93E}.Debug|x86.ActiveCfg = Debug|Any CPU
		{D781FAEF-F4BF-4C89-9DA2-5FCCF1A7A93E}.Debug|x86.Build.0 = Debug|Any CPU
		{D781FAEF-F4BF-4C89-9DA2-5FCCF1A7A93E}.Release|Any CPU.ActiveCfg = Release|Any CPU
		{D781FAEF-F4BF-4C89-9DA2-5FCCF1A7A93E}.Release|Any CPU.Build.0 = Release|Any CPU
		{D781FAEF-F4BF-4C89-9DA2-5FCCF1A7A93E}.Release|x64.ActiveCfg = Release|Any CPU
		{D781FAEF-F4BF-4C89-9DA2-5FCCF1A7A93E}.Release|x64.Build.0 = Release|Any CPU
		{D781FAEF-F4BF-4C89-9DA2-5FCCF1A7A93E}.Release|x86.ActiveCfg = Release|Any CPU
		{D781FAEF-F4BF-4C89-9DA2-5FCCF1A7A93E}.Release|x86.Build.0 = Release|Any CPU
		{E149DDED-8B64-453F-869B-D1FC90E0A9C1}.Debug|Any CPU.ActiveCfg = Debug|Any CPU
		{E149DDED-8B64-453F-869B-D1FC90E0A9C1}.Debug|Any CPU.Build.0 = Debug|Any CPU
		{E149DDED-8B64-453F-869B-D1FC90E0A9C1}.Debug|x64.ActiveCfg = Debug|Any CPU
		{E149DDED-8B64-453F-869B-D1FC90E0A9C1}.Debug|x64.Build.0 = Debug|Any CPU
		{E149DDED-8B64-453F-869B-D1FC90E0A9C1}.Debug|x86.ActiveCfg = Debug|Any CPU
		{E149DDED-8B64-453F-869B-D1FC90E0A9C1}.Debug|x86.Build.0 = Debug|Any CPU
		{E149DDED-8B64-453F-869B-D1FC90E0A9C1}.Release|Any CPU.ActiveCfg = Release|Any CPU
		{E149DDED-8B64-453F-869B-D1FC90E0A9C1}.Release|Any CPU.Build.0 = Release|Any CPU
		{E149DDED-8B64-453F-869B-D1FC90E0A9C1}.Release|x64.ActiveCfg = Release|Any CPU
		{E149DDED-8B64-453F-869B-D1FC90E0A9C1}.Release|x64.Build.0 = Release|Any CPU
		{E149DDED-8B64-453F-869B-D1FC90E0A9C1}.Release|x86.ActiveCfg = Release|Any CPU
		{E149DDED-8B64-453F-869B-D1FC90E0A9C1}.Release|x86.Build.0 = Release|Any CPU
		{F496F572-0ACC-49B3-9606-38D66EBD758C}.Debug|Any CPU.ActiveCfg = Debug|Any CPU
		{F496F572-0ACC-49B3-9606-38D66EBD758C}.Debug|Any CPU.Build.0 = Debug|Any CPU
		{F496F572-0ACC-49B3-9606-38D66EBD758C}.Debug|x64.ActiveCfg = Debug|Any CPU
		{F496F572-0ACC-49B3-9606-38D66EBD758C}.Debug|x64.Build.0 = Debug|Any CPU
		{F496F572-0ACC-49B3-9606-38D66EBD758C}.Debug|x86.ActiveCfg = Debug|Any CPU
		{F496F572-0ACC-49B3-9606-38D66EBD758C}.Debug|x86.Build.0 = Debug|Any CPU
		{F496F572-0ACC-49B3-9606-38D66EBD758C}.Release|Any CPU.ActiveCfg = Release|Any CPU
		{F496F572-0ACC-49B3-9606-38D66EBD758C}.Release|Any CPU.Build.0 = Release|Any CPU
		{F496F572-0ACC-49B3-9606-38D66EBD758C}.Release|x64.ActiveCfg = Release|Any CPU
		{F496F572-0ACC-49B3-9606-38D66EBD758C}.Release|x64.Build.0 = Release|Any CPU
		{F496F572-0ACC-49B3-9606-38D66EBD758C}.Release|x86.ActiveCfg = Release|Any CPU
		{F496F572-0ACC-49B3-9606-38D66EBD758C}.Release|x86.Build.0 = Release|Any CPU
		{D9171DD7-5676-41DD-910C-36E167A514BE}.Debug|Any CPU.ActiveCfg = Debug|Any CPU
		{D9171DD7-5676-41DD-910C-36E167A514BE}.Debug|Any CPU.Build.0 = Debug|Any CPU
		{D9171DD7-5676-41DD-910C-36E167A514BE}.Debug|x64.ActiveCfg = Debug|Any CPU
		{D9171DD7-5676-41DD-910C-36E167A514BE}.Debug|x64.Build.0 = Debug|Any CPU
		{D9171DD7-5676-41DD-910C-36E167A514BE}.Debug|x86.ActiveCfg = Debug|Any CPU
		{D9171DD7-5676-41DD-910C-36E167A514BE}.Debug|x86.Build.0 = Debug|Any CPU
		{D9171DD7-5676-41DD-910C-36E167A514BE}.Release|Any CPU.ActiveCfg = Release|Any CPU
		{D9171DD7-5676-41DD-910C-36E167A514BE}.Release|Any CPU.Build.0 = Release|Any CPU
		{D9171DD7-5676-41DD-910C-36E167A514BE}.Release|x64.ActiveCfg = Release|Any CPU
		{D9171DD7-5676-41DD-910C-36E167A514BE}.Release|x64.Build.0 = Release|Any CPU
		{D9171DD7-5676-41DD-910C-36E167A514BE}.Release|x86.ActiveCfg = Release|Any CPU
		{D9171DD7-5676-41DD-910C-36E167A514BE}.Release|x86.Build.0 = Release|Any CPU
		{64574D9C-C7B6-4AB9-B107-CF5B2185487C}.Debug|Any CPU.ActiveCfg = Debug|Any CPU
		{64574D9C-C7B6-4AB9-B107-CF5B2185487C}.Debug|Any CPU.Build.0 = Debug|Any CPU
		{64574D9C-C7B6-4AB9-B107-CF5B2185487C}.Debug|x64.ActiveCfg = Debug|Any CPU
		{64574D9C-C7B6-4AB9-B107-CF5B2185487C}.Debug|x64.Build.0 = Debug|Any CPU
		{64574D9C-C7B6-4AB9-B107-CF5B2185487C}.Debug|x86.ActiveCfg = Debug|Any CPU
		{64574D9C-C7B6-4AB9-B107-CF5B2185487C}.Debug|x86.Build.0 = Debug|Any CPU
		{64574D9C-C7B6-4AB9-B107-CF5B2185487C}.Release|Any CPU.ActiveCfg = Release|Any CPU
		{64574D9C-C7B6-4AB9-B107-CF5B2185487C}.Release|Any CPU.Build.0 = Release|Any CPU
		{64574D9C-C7B6-4AB9-B107-CF5B2185487C}.Release|x64.ActiveCfg = Release|Any CPU
		{64574D9C-C7B6-4AB9-B107-CF5B2185487C}.Release|x64.Build.0 = Release|Any CPU
		{64574D9C-C7B6-4AB9-B107-CF5B2185487C}.Release|x86.ActiveCfg = Release|Any CPU
		{64574D9C-C7B6-4AB9-B107-CF5B2185487C}.Release|x86.Build.0 = Release|Any CPU
		{ACF22BB3-5978-4121-B4C3-CEBB9E7914F1}.Debug|Any CPU.ActiveCfg = Debug|Any CPU
		{ACF22BB3-5978-4121-B4C3-CEBB9E7914F1}.Debug|Any CPU.Build.0 = Debug|Any CPU
		{ACF22BB3-5978-4121-B4C3-CEBB9E7914F1}.Debug|x64.ActiveCfg = Debug|Any CPU
		{ACF22BB3-5978-4121-B4C3-CEBB9E7914F1}.Debug|x64.Build.0 = Debug|Any CPU
		{ACF22BB3-5978-4121-B4C3-CEBB9E7914F1}.Debug|x86.ActiveCfg = Debug|Any CPU
		{ACF22BB3-5978-4121-B4C3-CEBB9E7914F1}.Debug|x86.Build.0 = Debug|Any CPU
		{ACF22BB3-5978-4121-B4C3-CEBB9E7914F1}.Release|Any CPU.ActiveCfg = Release|Any CPU
		{ACF22BB3-5978-4121-B4C3-CEBB9E7914F1}.Release|Any CPU.Build.0 = Release|Any CPU
		{ACF22BB3-5978-4121-B4C3-CEBB9E7914F1}.Release|x64.ActiveCfg = Release|Any CPU
		{ACF22BB3-5978-4121-B4C3-CEBB9E7914F1}.Release|x64.Build.0 = Release|Any CPU
		{ACF22BB3-5978-4121-B4C3-CEBB9E7914F1}.Release|x86.ActiveCfg = Release|Any CPU
		{ACF22BB3-5978-4121-B4C3-CEBB9E7914F1}.Release|x86.Build.0 = Release|Any CPU
		{095D0973-DEA1-4D37-BC7B-E622DC95BA8F}.Debug|Any CPU.ActiveCfg = Debug|Any CPU
		{095D0973-DEA1-4D37-BC7B-E622DC95BA8F}.Debug|Any CPU.Build.0 = Debug|Any CPU
		{095D0973-DEA1-4D37-BC7B-E622DC95BA8F}.Debug|x64.ActiveCfg = Debug|Any CPU
		{095D0973-DEA1-4D37-BC7B-E622DC95BA8F}.Debug|x64.Build.0 = Debug|Any CPU
		{095D0973-DEA1-4D37-BC7B-E622DC95BA8F}.Debug|x86.ActiveCfg = Debug|Any CPU
		{095D0973-DEA1-4D37-BC7B-E622DC95BA8F}.Debug|x86.Build.0 = Debug|Any CPU
		{095D0973-DEA1-4D37-BC7B-E622DC95BA8F}.Release|Any CPU.ActiveCfg = Release|Any CPU
		{095D0973-DEA1-4D37-BC7B-E622DC95BA8F}.Release|Any CPU.Build.0 = Release|Any CPU
		{095D0973-DEA1-4D37-BC7B-E622DC95BA8F}.Release|x64.ActiveCfg = Release|Any CPU
		{095D0973-DEA1-4D37-BC7B-E622DC95BA8F}.Release|x64.Build.0 = Release|Any CPU
		{095D0973-DEA1-4D37-BC7B-E622DC95BA8F}.Release|x86.ActiveCfg = Release|Any CPU
		{095D0973-DEA1-4D37-BC7B-E622DC95BA8F}.Release|x86.Build.0 = Release|Any CPU
	EndGlobalSection
	GlobalSection(SolutionProperties) = preSolution
		HideSolutionNode = FALSE
	EndGlobalSection
	GlobalSection(NestedProjects) = preSolution
		{D6F75BA0-19D1-53AF-5252-AAA3EE4A82D0} = {827E0CD3-B72D-47B6-A68D-7590B98EB39B}
		{712CDD2D-BCB9-4E61-B3EC-2BDA1CECF4B4} = {D6F75BA0-19D1-53AF-5252-AAA3EE4A82D0}
		{05620786-107C-43C9-9C1E-19101B025CA2} = {D6F75BA0-19D1-53AF-5252-AAA3EE4A82D0}
		{BD534560-5E19-41B3-BD6B-ADADD25224DB} = {D6F75BA0-19D1-53AF-5252-AAA3EE4A82D0}
		{ADD62D60-A948-490F-9C51-6E1B10ADEC2E} = {D6F75BA0-19D1-53AF-5252-AAA3EE4A82D0}
		{A024EC37-967E-70DB-4828-DAA22AD1755C} = {827E0CD3-B72D-47B6-A68D-7590B98EB39B}
		{887D270A-0B0E-475B-B3ED-615254C5BB88} = {A024EC37-967E-70DB-4828-DAA22AD1755C}
		{00615218-DCA5-48D0-ABA1-C847628DAB40} = {A024EC37-967E-70DB-4828-DAA22AD1755C}
		{46E23598-4B6F-4FFA-81AC-9C22D4571CE0} = {A024EC37-967E-70DB-4828-DAA22AD1755C}
		{993A6719-EDD7-4719-B2E1-35C0BF90F7B8} = {A024EC37-967E-70DB-4828-DAA22AD1755C}
		{6306A8FB-679E-111F-6585-8F70E0EE6013} = {827E0CD3-B72D-47B6-A68D-7590B98EB39B}
		{1C01C62E-A939-4209-BA19-AC86DDD93471} = {6306A8FB-679E-111F-6585-8F70E0EE6013}
		{D781FAEF-F4BF-4C89-9DA2-5FCCF1A7A93E} = {D6F75BA0-19D1-53AF-5252-AAA3EE4A82D0}
		{9ED238A0-938C-9A3F-DDEA-9079E74DEC51} = {827E0CD3-B72D-47B6-A68D-7590B98EB39B}
		{E149DDED-8B64-453F-869B-D1FC90E0A9C1} = {9ED238A0-938C-9A3F-DDEA-9079E74DEC51}
		{F496F572-0ACC-49B3-9606-38D66EBD758C} = {9ED238A0-938C-9A3F-DDEA-9079E74DEC51}
		{BBCD3261-F485-4573-8593-E8A7F6C1B938} = {827E0CD3-B72D-47B6-A68D-7590B98EB39B}
		{D9171DD7-5676-41DD-910C-36E167A514BE} = {BBCD3261-F485-4573-8593-E8A7F6C1B938}
		{64574D9C-C7B6-4AB9-B107-CF5B2185487C} = {BBCD3261-F485-4573-8593-E8A7F6C1B938}
		{ACF22BB3-5978-4121-B4C3-CEBB9E7914F1} = {BBCD3261-F485-4573-8593-E8A7F6C1B938}
		{095D0973-DEA1-4D37-BC7B-E622DC95BA8F} = {BBCD3261-F485-4573-8593-E8A7F6C1B938}
	EndGlobalSection
EndGlobal
